
Microsoft Visual Studio Solution File, Format Version 12.00
# Visual Studio Version 17
VisualStudioVersion = 17.4.33213.308
MinimumVisualStudioVersion = 10.0.40219.1
Project("{FAE04EC0-301F-11D3-BF4B-00C04F79EFBC}") = "PatientManagement", "PatientManagement\PatientManagement.csproj", "{6211AF5D-B22E-42C2-AF56-E7C85C50F7AC}"
EndProject
Global
	GlobalSection(SolutionConfigurationPlatforms) = preSolution
		Debug|Any CPU = Debug|Any CPU
		Release|Any CPU = Release|Any CPU
	EndGlobalSection
	GlobalSection(ProjectConfigurationPlatforms) = postSolution
		{6211AF5D-B22E-42C2-AF56-E7C85C50F7AC}.Debug|Any CPU.ActiveCfg = Debug|Any CPU
		{6211AF5D-B22E-42C2-AF56-E7C85C50F7AC}.Debug|Any CPU.Build.0 = Debug|Any CPU
		{6211AF5D-B22E-42C2-AF56-E7C85C50F7AC}.Release|Any CPU.ActiveCfg = Release|Any CPU
		{6211AF5D-B22E-42C2-AF56-E7C85C50F7AC}.Release|Any CPU.Build.0 = Release|Any CPU
	EndGlobalSection
	GlobalSection(SolutionProperties) = preSolution
		HideSolutionNode = FALSE
	EndGlobalSection
	GlobalSection(ExtensibilityGlobals) = postSolution
		SolutionGuid = {040D1200-013E-43FD-A94F-76B74DAED992}
	EndGlobalSection
EndGlobal
